
Microsoft Visual Studio Solution File, Format Version 12.00
# Visual Studio Version 16
VisualStudioVersion = 16.0.32510.428
MinimumVisualStudioVersion = 10.0.40219.1
Project("{FAE04EC0-301F-11D3-BF4B-00C04F79EFBC}") = "Ders01Degiskenler", "Ders01Degiskenler\Ders01Degiskenler.csproj", "{AABB1E53-9DF5-4F6F-A5E5-4A368FA0CAC0}"
EndProject
Global
	GlobalSection(SolutionConfigurationPlatforms) = preSolution
		Debug|Any CPU = Debug|Any CPU
		Release|Any CPU = Release|Any CPU
	EndGlobalSection
	GlobalSection(ProjectConfigurationPlatforms) = postSolution
		{AABB1E53-9DF5-4F6F-A5E5-4A368FA0CAC0}.Debug|Any CPU.ActiveCfg = Debug|Any CPU
		{AABB1E53-9DF5-4F6F-A5E5-4A368FA0CAC0}.Debug|Any CPU.Build.0 = Debug|Any CPU
		{AABB1E53-9DF5-4F6F-A5E5-4A368FA0CAC0}.Release|Any CPU.ActiveCfg = Release|Any CPU
		{AABB1E53-9DF5-4F6F-A5E5-4A368FA0CAC0}.Release|Any CPU.Build.0 = Release|Any CPU
	EndGlobalSection
	GlobalSection(SolutionProperties) = preSolution
		HideSolutionNode = FALSE
	EndGlobalSection
	GlobalSection(ExtensibilityGlobals) = postSolution
		SolutionGuid = {3D027441-DA21-4E3D-B1B7-21196F1B7CD8}
	EndGlobalSection
EndGlobal
